{
    "_readme": [
        "This file locks the dependencies of your project to a known state",
        "Read more about it at https://getcomposer.org/doc/01-basic-usage.md#installing-dependencies",
        "This file is @generated automatically"
    ],
    "content-hash": "68bb7afdfd8c899e77fd249ab6739905",
    "packages": [
        {
            "name": "donatj/phpuseragentparser",
            "version": "v1.7.0",
            "source": {
                "type": "git",
                "url": "https://github.com/donatj/PhpUserAgent.git",
                "reference": "a35900b93530715f8669c10e49756adde5c8e6fc"
            },
            "dist": {
                "type": "zip",
                "url": "https://api.github.com/repos/donatj/PhpUserAgent/zipball/a35900b93530715f8669c10e49756adde5c8e6fc",
                "reference": "a35900b93530715f8669c10e49756adde5c8e6fc",
                "shasum": ""
            },
            "require": {
                "php": ">=5.4.0"
            },
            "require-dev": {
                "camspiers/json-pretty": "~1.0",
                "donatj/drop": "*",
                "ext-json": "*",
                "phpunit/phpunit": "~4.8|~9"
            },
            "type": "library",
            "autoload": {
                "files": [
                    "src/UserAgentParser.php"
                ],
                "psr-4": {
                    "donatj\\UserAgent\\": "src/UserAgent"
                }
            },
            "notification-url": "https://packagist.org/downloads/",
            "license": [
                "MIT"
            ],
            "authors": [
                {
                    "name": "Jesse G. Donat",
                    "email": "donatj@gmail.com",
                    "homepage": "https://donatstudios.com",
                    "role": "Developer"
                }
            ],
            "description": "Lightning fast, minimalist PHP UserAgent string parser.",
            "homepage": "https://donatstudios.com/PHP-Parser-HTTP_USER_AGENT",
            "keywords": [
                "browser",
                "browser detection",
                "parser",
                "user agent",
                "useragent"
            ],
            "support": {
                "issues": "https://github.com/donatj/PhpUserAgent/issues",
                "source": "https://github.com/donatj/PhpUserAgent/tree/v1.7.0"
            },
            "funding": [
                {
                    "url": "https://www.paypal.me/donatj/15",
                    "type": "custom"
                },
                {
                    "url": "https://github.com/donatj",
                    "type": "github"
                }
            ],
            "time": "2022-08-06T15:41:58+00:00"
        },
        {
            "name": "olorin/user-agent-parser-interface",
            "version": "v1.1.0",
            "source": {
                "type": "git",
                "url": "https://github.com/alexhamenko/user-agent-parser-interface.git",
                "reference": "ba9a54272ec930879ec2ab8f9dde80367cd383cf"
            },
            "dist": {
                "type": "zip",
                "url": "https://api.github.com/repos/alexhamenko/user-agent-parser-interface/zipball/ba9a54272ec930879ec2ab8f9dde80367cd383cf",
                "reference": "ba9a54272ec930879ec2ab8f9dde80367cd383cf",
                "shasum": ""
            },
            "type": "library",
            "autoload": {
                "psr-4": {
                    "Hillel\\UserAgent\\ParserInterface\\": "./src"
                }
            },
            "notification-url": "https://packagist.org/downloads/",
            "license": [
                "MIT"
            ],
            "authors": [
                {
                    "name": "Alex Hamenko",
                    "email": "hamenko.aleksandr@gmail.com"
                }
            ],
            "description": "Interface for services parsing User Agents",
            "support": {
                "issues": "https://github.com/alexhamenko/user-agent-parser-interface/issues",
                "source": "https://github.com/alexhamenko/user-agent-parser-interface/tree/v1.1.0"
            },
            "time": "2022-12-29T17:25:26+00:00"
        }
    ],
    "packages-dev": [],
    "aliases": [],
    "minimum-stability": "dev",
    "stability-flags": [],
    "prefer-stable": false,
    "prefer-lowest": false,
    "platform": [],
    "platform-dev": [],
    "plugin-api-version": "2.3.0"
}
